{
    "name": "AdminTrabajadores",
    "lockfileVersion": 2,
    "requires": true,
    "packages": {
        "": {
            "dependencies": {
                "@awesome-cordova-plugins/core": "^5.45.0"
            }
        },
        "node_modules/@awesome-cordova-plugins/core": {
            "version": "5.45.0",
            "resolved": "https://registry.npmjs.org/@awesome-cordova-plugins/core/-/core-5.45.0.tgz",
            "integrity": "sha512-VrFNy6KLu3yyIKX3+6knUTDfSy59MPWUDni31ypGIQyxZv0eInuAgy3D4dhEdSbTkCIRyF40u4CJk4bN5zUYzQ==",
            "dependencies": {
                "@types/cordova": "latest"
            },
            "peerDependencies": {
                "rxjs": "^5.5.0 || ^6.5.0 || ^7.3.0"
            }
        },
        "node_modules/@types/cordova": {
            "version": "0.0.34",
            "resolved": "https://registry.npmjs.org/@types/cordova/-/cordova-0.0.34.tgz",
            "integrity": "sha512-rkiiTuf/z2wTd4RxFOb+clE7PF4AEJU0hsczbUdkHHBtkUmpWQpEddynNfJYKYtZFJKbq4F+brfekt1kx85IZA=="
        },
        "node_modules/rxjs": {
            "version": "7.5.6",
            "resolved": "https://registry.npmjs.org/rxjs/-/rxjs-7.5.6.tgz",
            "integrity": "sha512-dnyv2/YsXhnm461G+R/Pe5bWP41Nm6LBXEYWI6eiFP4fiwx6WRI/CD0zbdVAudd9xwLEF2IDcKXLHit0FYjUzw==",
            "peer": true,
            "dependencies": {
                "tslib": "^2.1.0"
            }
        },
        "node_modules/tslib": {
            "version": "2.4.0",
            "resolved": "https://registry.npmjs.org/tslib/-/tslib-2.4.0.tgz",
            "integrity": "sha512-d6xOpEDfsi2CZVlPQzGeux8XMwLT9hssAsaPYExaQMuYskwb+x1x7J371tWlbBdWHroy99KnVB6qIkUbs5X3UQ==",
            "peer": true
        }
    },
    "dependencies": {
        "@awesome-cordova-plugins/core": {
            "version": "5.45.0",
            "resolved": "https://registry.npmjs.org/@awesome-cordova-plugins/core/-/core-5.45.0.tgz",
            "integrity": "sha512-VrFNy6KLu3yyIKX3+6knUTDfSy59MPWUDni31ypGIQyxZv0eInuAgy3D4dhEdSbTkCIRyF40u4CJk4bN5zUYzQ==",
            "requires": {
                "@types/cordova": "latest"
            }
        },
        "@types/cordova": {
            "version": "0.0.34",
            "resolved": "https://registry.npmjs.org/@types/cordova/-/cordova-0.0.34.tgz",
            "integrity": "sha512-rkiiTuf/z2wTd4RxFOb+clE7PF4AEJU0hsczbUdkHHBtkUmpWQpEddynNfJYKYtZFJKbq4F+brfekt1kx85IZA=="
        },
        "rxjs": {
            "version": "7.5.6",
            "resolved": "https://registry.npmjs.org/rxjs/-/rxjs-7.5.6.tgz",
            "integrity": "sha512-dnyv2/YsXhnm461G+R/Pe5bWP41Nm6LBXEYWI6eiFP4fiwx6WRI/CD0zbdVAudd9xwLEF2IDcKXLHit0FYjUzw==",
            "peer": true,
            "requires": {
                "tslib": "^2.1.0"
            }
        },
        "tslib": {
            "version": "2.4.0",
            "resolved": "https://registry.npmjs.org/tslib/-/tslib-2.4.0.tgz",
            "integrity": "sha512-d6xOpEDfsi2CZVlPQzGeux8XMwLT9hssAsaPYExaQMuYskwb+x1x7J371tWlbBdWHroy99KnVB6qIkUbs5X3UQ==",
            "peer": true
        }
    }
}